// !$*UTF8*$!
{
	archiveVersion = 1;
	classes = {
	};
	objectVersion = 77;
	objects = {

/* Begin PBXBuildFile section */
		308DEA7A2F00000100E44F05 /* FirebaseAuth in Frameworks */ = {isa = PBXBuildFile; productRef = 308DEA7C2F00000100E44F05 /* FirebaseAuth */; };
		308DEA7B2F00000100E44F05 /* FirebaseFirestore in Frameworks */ = {isa = PBXBuildFile; productRef = 308DEA7D2F00000100E44F05 /* FirebaseFirestore */; };
		308DEA7E2F00000100E44F05 /* GoogleSignIn in Frameworks */ = {isa = PBXBuildFile; productRef = 308DEA7F2F00000100E44F05 /* GoogleSignIn */; };
/* End PBXBuildFile section */

/* Begin PBXContainerItemProxy section */
		30A6C4352EC7311D00E44F05 /* PBXContainerItemProxy */ = {
			isa = PBXContainerItemProxy;
			containerPortal = 30A6C41F2EC7311A00E44F05 /* Project object */;
			proxyType = 1;
			remoteGlobalIDString = 30A6C4262EC7311A00E44F05;
			remoteInfo = Matchly;
		};
		30A6C43F2EC7311D00E44F05 /* PBXContainerItemProxy */ = {
			isa = PBXContainerItemProxy;
			containerPortal = 30A6C41F2EC7311A00E44F05 /* Project object */;
			proxyType = 1;
			remoteGlobalIDString = 30A6C4262EC7311A00E44F05;
			remoteInfo = Matchly;
		};
/* End PBXContainerItemProxy section */

/* Begin PBXFileReference section */
		30A6C4272EC7311A00E44F05 /* Matchly.app */ = {isa = PBXFileReference; explicitFileType = wrapper.application; includeInIndex = 0; path = Matchly.app; sourceTree = BUILT_PRODUCTS_DIR; };
		30A6C4342EC7311D00E44F05 /* MatchlyTests.xctest */ = {isa = PBXFileReference; explicitFileType = wrapper.cfbundle; includeInIndex = 0; path = MatchlyTests.xctest; sourceTree = BUILT_PRODUCTS_DIR; };
		30A6C43E2EC7311D00E44F05 /* MatchlyUITests.xctest */ = {isa = PBXFileReference; explicitFileType = wrapper.cfbundle; includeInIndex = 0; path = MatchlyUITests.xctest; sourceTree = BUILT_PRODUCTS_DIR; };
/* End PBXFileReference section */

/* Begin PBXFileSystemSynchronizedRootGroup section */
		30A6C4292EC7311A00E44F05 /* Matchly */ = {
			isa = PBXFileSystemSynchronizedRootGroup;
			path = Matchly;
			sourceTree = "<group>";
		};
		30A6C4372EC7311D00E44F05 /* MatchlyTests */ = {
			isa = PBXFileSystemSynchronizedRootGroup;
			path = MatchlyTests;
			sourceTree = "<group>";
		};
		30A6C4412EC7311D00E44F05 /* MatchlyUITests */ = {
			isa = PBXFileSystemSynchronizedRootGroup;
			path = MatchlyUITests;
			sourceTree = "<group>";
		};
/* End PBXFileSystemSynchronizedRootGroup section */

/* Begin PBXFrameworksBuildPhase section */
		30A6C4242EC7311A00E44F05 /* Frameworks */ = {
			isa = PBXFrameworksBuildPhase;
			buildActionMask = 2147483647;
			files = (
				308DEA7A2F00000100E44F05 /* FirebaseAuth in Frameworks */,
				308DEA7B2F00000100E44F05 /* FirebaseFirestore in Frameworks */,
				308DEA7E2F00000100E44F05 /* GoogleSignIn in Frameworks */,
			);
			runOnlyForDeploymentPostprocessing = 0;
		};
		30A6C4312EC7311D00E44F05 /* Frameworks */ = {
			isa = PBXFrameworksBuildPhase;
			buildActionMask = 2147483647;
			files = (
			);
			runOnlyForDeploymentPostprocessing = 0;
		};
		30A6C43B2EC7311D00E44F05 /* Frameworks */ = {
			isa = PBXFrameworksBuildPhase;
			buildActionMask = 2147483647;
			files = (
			);
			runOnlyForDeploymentPostprocessing = 0;
		};
/* End PBXFrameworksBuildPhase section */

/* Begin PBXGroup section */
		30A6C41E2EC7311A00E44F05 = {
			isa = PBXGroup;
			children = (
				30A6C4292EC7311A00E44F05 /* Matchly */,
				30A6C4372EC7311D00E44F05 /* MatchlyTests */,
				30A6C4412EC7311D00E44F05 /* MatchlyUITests */,
				30A6C4282EC7311A00E44F05 /* Products */,
			);
			sourceTree = "<group>";
		};
		30A6C4282EC7311A00E44F05 /* Products */ = {
			isa = PBXGroup;
			children = (
				30A6C4272EC7311A00E44F05 /* Matchly.app */,
				30A6C4342EC7311D00E44F05 /* MatchlyTests.xctest */,
				30A6C43E2EC7311D00E44F05 /* MatchlyUITests.xctest */,
			);
			name = Products;
			sourceTree = "<group>";
		};
/* End PBXGroup section */

/* Begin PBXNativeTarget section */
		30A6C4262EC7311A00E44F05 /* Matchly */ = {
			isa = PBXNativeTarget;
			buildConfigurationList = 30A6C4482EC7311D00E44F05 /* Build configuration list for PBXNativeTarget "Matchly" */;
			buildPhases = (
				30A6C4232EC7311A00E44F05 /* Sources */,
				30A6C4242EC7311A00E44F05 /* Frameworks */,
				30A6C4252EC7311A00E44F05 /* Resources */,
			);
			buildRules = (
			);
			dependencies = (
			);
			fileSystemSynchronizedGroups = (
				30A6C4292EC7311A00E44F05 /* Matchly */,
			);
			name = Matchly;
			packageProductDependencies = (
				308DEA7C2F00000100E44F05 /* FirebaseAuth */,
				308DEA7D2F00000100E44F05 /* FirebaseFirestore */,
				308DEA7F2F00000100E44F05 /* GoogleSignIn */,
			);
			productName = Matchly;
			productReference = 30A6C4272EC7311A00E44F05 /* Matchly.app */;
			productType = "com.apple.product-type.application";
		};
		30A6C4332EC7311D00E44F05 /* MatchlyTests */ = {
			isa = PBXNativeTarget;
			buildConfigurationList = 30A6C44B2EC7311D00E44F05 /* Build configuration list for PBXNativeTarget "MatchlyTests" */;
			buildPhases = (
				30A6C4302EC7311D00E44F05 /* Sources */,
				30A6C4312EC7311D00E44F05 /* Frameworks */,
				30A6C4322EC7311D00E44F05 /* Resources */,
			);
			buildRules = (
			);
			dependencies = (
				30A6C4362EC7311D00E44F05 /* PBXTargetDependency */,
			);
			fileSystemSynchronizedGroups = (
				30A6C4372EC7311D00E44F05 /* MatchlyTests */,
			);
			name = MatchlyTests;
			packageProductDependencies = (
			);
			productName = MatchlyTests;
			productReference = 30A6C4342EC7311D00E44F05 /* MatchlyTests.xctest */;
			productType = "com.apple.product-type.bundle.unit-test";
		};
		30A6C43D2EC7311D00E44F05 /* MatchlyUITests */ = {
			isa = PBXNativeTarget;
			buildConfigurationList = 30A6C44E2EC7311D00E44F05 /* Build configuration list for PBXNativeTarget "MatchlyUITests" */;
			buildPhases = (
				30A6C43A2EC7311D00E44F05 /* Sources */,
				30A6C43B2EC7311D00E44F05 /* Frameworks */,
				30A6C43C2EC7311D00E44F05 /* Resources */,
			);
			buildRules = (
			);
			dependencies = (
				30A6C4402EC7311D00E44F05 /* PBXTargetDependency */,
			);
			fileSystemSynchronizedGroups = (
				30A6C4412EC7311D00E44F05 /* MatchlyUITests */,
			);
			name = MatchlyUITests;
			packageProductDependencies = (
			);
			productName = MatchlyUITests;
			productReference = 30A6C43E2EC7311D00E44F05 /* MatchlyUITests.xctest */;
			productType = "com.apple.product-type.bundle.ui-testing";
		};
/* End PBXNativeTarget section */

/* Begin PBXProject section */
		30A6C41F2EC7311A00E44F05 /* Project object */ = {
			isa = PBXProject;
			attributes = {
				BuildIndependentTargetsInParallel = 1;
				LastSwiftUpdateCheck = 2610;
				LastUpgradeCheck = 2620;
				TargetAttributes = {
					30A6C4262EC7311A00E44F05 = {
						CreatedOnToolsVersion = 26.1.1;
					};
					30A6C4332EC7311D00E44F05 = {
						CreatedOnToolsVersion = 26.1.1;
						TestTargetID = 30A6C4262EC7311A00E44F05;
					};
					30A6C43D2EC7311D00E44F05 = {
						CreatedOnToolsVersion = 26.1.1;
						TestTargetID = 30A6C4262EC7311A00E44F05;
					};
				};
			};
			buildConfigurationList = 30A6C4222EC7311A00E44F05 /* Build configuration list for PBXProject "Matchly" */;
			developmentRegion = en;
			hasScannedForEncodings = 0;
			knownRegions = (
				en,
				Base,
			);
			mainGroup = 30A6C41E2EC7311A00E44F05;
			minimizedProjectReferenceProxies = 1;
			packageReferences = (
				308DEA782F00000100E44F05 /* XCRemoteSwiftPackageReference "firebase-ios-sdk" */,
				308DEA792F00000100E44F05 /* XCRemoteSwiftPackageReference "GoogleSignIn-iOS" */,
			);
			preferredProjectObjectVersion = 77;
			productRefGroup = 30A6C4282EC7311A00E44F05 /* Products */;
			projectDirPath = "";
			projectRoot = "";
			targets = (
				30A6C4262EC7311A00E44F05 /* Matchly */,
				30A6C4332EC7311D00E44F05 /* MatchlyTests */,
				30A6C43D2EC7311D00E44F05 /* MatchlyUITests */,
			);
		};
/* End PBXProject section */

/* Begin PBXResourcesBuildPhase section */
		30A6C4252EC7311A00E44F05 /* Resources */ = {
			isa = PBXResourcesBuildPhase;
			buildActionMask = 2147483647;
			files = (
			);
			runOnlyForDeploymentPostprocessing = 0;
		};
		30A6C4322EC7311D00E44F05 /* Resources */ = {
			isa = PBXResourcesBuildPhase;
			buildActionMask = 2147483647;
			files = (
			);
			runOnlyForDeploymentPostprocessing = 0;
		};
		30A6C43C2EC7311D00E44F05 /* Resources */ = {
			isa = PBXResourcesBuildPhase;
			buildActionMask = 2147483647;
			files = (
			);
			runOnlyForDeploymentPostprocessing = 0;
		};
/* End PBXResourcesBuildPhase section */

/* Begin PBXSourcesBuildPhase section */
		30A6C4232EC7311A00E44F05 /* Sources */ = {
			isa = PBXSourcesBuildPhase;
			buildActionMask = 2147483647;
			files = (
			);
			runOnlyForDeploymentPostprocessing = 0;
		};
		30A6C4302EC7311D00E44F05 /* Sources */ = {
			isa = PBXSourcesBuildPhase;
			buildActionMask = 2147483647;
			files = (
			);
			runOnlyForDeploymentPostprocessing = 0;
		};
		30A6C43A2EC7311D00E44F05 /* Sources */ = {
			isa = PBXSourcesBuildPhase;
			buildActionMask = 2147483647;
			files = (
			);
			runOnlyForDeploymentPostprocessing = 0;
		};
/* End PBXSourcesBuildPhase section */

/* Begin PBXTargetDependency section */
		30A6C4362EC7311D00E44F05 /* PBXTargetDependency */ = {
			isa = PBXTargetDependency;
			target = 30A6C4262EC7311A00E44F05 /* Matchly */;
			targetProxy = 30A6C4352EC7311D00E44F05 /* PBXContainerItemProxy */;
		};
		30A6C4402EC7311D00E44F05 /* PBXTargetDependency */ = {
			isa = PBXTargetDependency;
			target = 30A6C4262EC7311A00E44F05 /* Matchly */;
			targetProxy = 30A6C43F2EC7311D00E44F05 /* PBXContainerItemProxy */;
		};
/* End PBXTargetDependency section */

/* Begin XCBuildConfiguration section */
		30A6C4462EC7311D00E44F05 /* Debug */ = {
			isa = XCBuildConfiguration;
			buildSettings = {
				ALWAYS_SEARCH_USER_PATHS = NO;
				ASSETCATALOG_COMPILER_GENERATE_SWIFT_ASSET_SYMBOL_EXTENSIONS = YES;
				CLANG_ANALYZER_NONNULL = YES;
				CLANG_ANALYZER_NUMBER_OBJECT_CONVERSION = YES_AGGRESSIVE;
				CLANG_CXX_LANGUAGE_STANDARD = "gnu++20";
				CLANG_ENABLE_MODULES = YES;
				CLANG_ENABLE_OBJC_ARC = YES;
				CLANG_ENABLE_OBJC_WEAK = YES;
				CLANG_WARN_BLOCK_CAPTURE_AUTORELEASING = YES;
				CLANG_WARN_BOOL_CONVERSION = YES;
				CLANG_WARN_COMMA = YES;
				CLANG_WARN_CONSTANT_CONVERSION = YES;
				CLANG_WARN_DEPRECATED_OBJC_IMPLEMENTATIONS = YES;
				CLANG_WARN_DIRECT_OBJC_ISA_USAGE = YES_ERROR;
				CLANG_WARN_DOCUMENTATION_COMMENTS = YES;
				CLANG_WARN_EMPTY_BODY = YES;
				CLANG_WARN_ENUM_CONVERSION = YES;
				CLANG_WARN_INFINITE_RECURSION = YES;
				CLANG_WARN_INT_CONVERSION = YES;
				CLANG_WARN_NON_LITERAL_NULL_CONVERSION = YES;
				CLANG_WARN_OBJC_IMPLICIT_RETAIN_SELF = YES;
				CLANG_WARN_OBJC_LITERAL_CONVERSION = YES;
				CLANG_WARN_OBJC_ROOT_CLASS = YES_ERROR;
				CLANG_WARN_QUOTED_INCLUDE_IN_FRAMEWORK_HEADER = YES;
				CLANG_WARN_RANGE_LOOP_ANALYSIS = YES;
				CLANG_WARN_STRICT_PROTOTYPES = YES;
				CLANG_WARN_SUSPICIOUS_MOVE = YES;
				CLANG_WARN_UNGUARDED_AVAILABILITY = YES_AGGRESSIVE;
				CLANG_WARN_UNREACHABLE_CODE = YES;
				CLANG_WARN__DUPLICATE_METHOD_MATCH = YES;
				COPY_PHASE_STRIP = NO;
				DEBUG_INFORMATION_FORMAT = dwarf;
				DEVELOPMENT_TEAM = KYGM9X4TU5;
				ENABLE_STRICT_OBJC_MSGSEND = YES;
				ENABLE_TESTABILITY = YES;
				ENABLE_USER_SCRIPT_SANDBOXING = YES;
				GCC_C_LANGUAGE_STANDARD = gnu17;
				GCC_DYNAMIC_NO_PIC = NO;
				GCC_NO_COMMON_BLOCKS = YES;
				GCC_OPTIMIZATION_LEVEL = 0;
				GCC_PREPROCESSOR_DEFINITIONS = (
					"DEBUG=1",
					"$(inherited)",
				);
				GCC_WARN_64_TO_32_BIT_CONVERSION = YES;
				GCC_WARN_ABOUT_RETURN_TYPE = YES_ERROR;
				GCC_WARN_UNDECLARED_SELECTOR = YES;
				GCC_WARN_UNINITIALIZED_AUTOS = YES_AGGRESSIVE;
				GCC_WARN_UNUSED_FUNCTION = YES;
				GCC_WARN_UNUSED_VARIABLE = YES;
				IPHONEOS_DEPLOYMENT_TARGET = 26.0;
				LOCALIZATION_PREFERS_STRING_CATALOGS = YES;
				MTL_ENABLE_DEBUG_INFO = INCLUDE_SOURCE;
				MTL_FAST_MATH = YES;
				ONLY_ACTIVE_ARCH = YES;
				SDKROOT = iphoneos;
				STRING_CATALOG_GENERATE_SYMBOLS = YES;
				SWIFT_ACTIVE_COMPILATION_CONDITIONS = "DEBUG $(inherited)";
				SWIFT_OPTIMIZATION_LEVEL = "-Onone";
			};
			name = Debug;
		};
		30A6C4472EC7311D00E44F05 /* Release */ = {
			isa = XCBuildConfiguration;
			buildSettings = {
				ALWAYS_SEARCH_USER_PATHS = NO;
				ASSETCATALOG_COMPILER_GENERATE_SWIFT_ASSET_SYMBOL_EXTENSIONS = YES;
				CLANG_ANALYZER_NONNULL = YES;
				CLANG_ANALYZER_NUMBER_OBJECT_CONVERSION = YES_AGGRESSIVE;
				CLANG_CXX_LANGUAGE_STANDARD = "gnu++20";
				CLANG_ENABLE_MODULES = YES;
				CLANG_ENABLE_OBJC_ARC = YES;
				CLANG_ENABLE_OBJC_WEAK = YES;
				CLANG_WARN_BLOCK_CAPTURE_AUTORELEASING = YES;
				CLANG_WARN_BOOL_CONVERSION = YES;
				CLANG_WARN_COMMA = YES;
				CLANG_WARN_CONSTANT_CONVERSION = YES;
				CLANG_WARN_DEPRECATED_OBJC_IMPLEMENTATIONS = YES;
				CLANG_WARN_DIRECT_OBJC_ISA_USAGE = YES_ERROR;
				CLANG_WARN_DOCUMENTATION_COMMENTS = YES;
				CLANG_WARN_EMPTY_BODY = YES;
				CLANG_WARN_ENUM_CONVERSION = YES;
				CLANG_WARN_INFINITE_RECURSION = YES;
				CLANG_WARN_INT_CONVERSION = YES;
				CLANG_WARN_NON_LITERAL_NULL_CONVERSION = YES;
				CLANG_WARN_OBJC_IMPLICIT_RETAIN_SELF = YES;
				CLANG_WARN_OBJC_LITERAL_CONVERSION = YES;
				CLANG_WARN_OBJC_ROOT_CLASS = YES_ERROR;
				CLANG_WARN_QUOTED_INCLUDE_IN_FRAMEWORK_HEADER = YES;
				CLANG_WARN_RANGE_LOOP_ANALYSIS = YES;
				CLANG_WARN_STRICT_PROTOTYPES = YES;
				CLANG_WARN_SUSPICIOUS_MOVE = YES;
				CLANG_WARN_UNGUARDED_AVAILABILITY = YES_AGGRESSIVE;
				CLANG_WARN_UNREACHABLE_CODE = YES;
				CLANG_WARN__DUPLICATE_METHOD_MATCH = YES;
				COPY_PHASE_STRIP = NO;
				DEBUG_INFORMATION_FORMAT = "dwarf-with-dsym";
				DEVELOPMENT_TEAM = KYGM9X4TU5;
				ENABLE_NS_ASSERTIONS = NO;
				ENABLE_STRICT_OBJC_MSGSEND = YES;
				ENABLE_USER_SCRIPT_SANDBOXING = YES;
				GCC_C_LANGUAGE_STANDARD = gnu17;
				GCC_NO_COMMON_BLOCKS = YES;
				GCC_WARN_64_TO_32_BIT_CONVERSION = YES;
				GCC_WARN_ABOUT_RETURN_TYPE = YES_ERROR;
				GCC_WARN_UNDECLARED_SELECTOR = YES;
				GCC_WARN_UNINITIALIZED_AUTOS = YES_AGGRESSIVE;
				GCC_WARN_UNUSED_FUNCTION = YES;
				GCC_WARN_UNUSED_VARIABLE = YES;
				IPHONEOS_DEPLOYMENT_TARGET = 26.0;
				LOCALIZATION_PREFERS_STRING_CATALOGS = YES;
				MTL_ENABLE_DEBUG_INFO = NO;
				MTL_FAST_MATH = YES;
				SDKROOT = iphoneos;
				STRING_CATALOG_GENERATE_SYMBOLS = YES;
				SWIFT_COMPILATION_MODE = wholemodule;
				VALIDATE_PRODUCT = YES;
			};
			name = Release;
		};
		30A6C4492EC7311D00E44F05 /* Debug */ = {
			isa = XCBuildConfiguration;
			buildSettings = {
				ASSETCATALOG_COMPILER_APPICON_NAME = AppIcon;
				ASSETCATALOG_COMPILER_GLOBAL_ACCENT_COLOR_NAME = AccentColor;
				CODE_SIGN_ENTITLEMENTS = Matchly/Matchly.entitlements;
				CODE_SIGN_STYLE = Automatic;
				CURRENT_PROJECT_VERSION = 21;
				DEVELOPMENT_TEAM = KYGM9X4TU5;
				ENABLE_PREVIEWS = YES;
				EXCLUDED_SOURCE_FILE_NAMES = (
					"*.py",
					"*.sh",
					"*.md",
					"*.txt",
					ERAS2026.json,
					ERAS2026_with_addresses.json,
					ERAS2026_Sample.json,
					ACGME_manifest.json,
				);
				GENERATE_INFOPLIST_FILE = YES;
				INFOPLIST_FILE = "Matchly-Info-Supplement.plist";
				INFOPLIST_KEY_NSCalendarsFullAccessUsageDescription = "Matchly needs access to your calendar to create interview events so you can see them in your calendar app and receive reminders.";
				INFOPLIST_KEY_NSCalendarsUsageDescription = "Matchly needs access to your calendar to create interview events so you can see them in your calendar app and receive reminders.";
				INFOPLIST_KEY_NSCameraUsageDescription = "Matchly uses the camera to scan QR codes.";
				INFOPLIST_KEY_NSFaceIDUsageDescription = "Matchly uses Face ID to unlock the app and sign you in quickly on this device.";
				INFOPLIST_KEY_NSMicrophoneUsageDescription = "Matchly uses the microphone to record optional voice memos about residency programs after your interviews.";
				INFOPLIST_KEY_NSSpeechRecognitionUsageDescription = "Matchly can transcribe your voice memos on this device so you can read what you recorded.";
				INFOPLIST_KEY_NSUserNotificationsUsageDescription = "Matchly sends notifications when your partner messages you or updates your shared couples rank list.";
				INFOPLIST_KEY_UIApplicationSceneManifest_Generation = YES;
				INFOPLIST_KEY_UIApplicationSupportsIndirectInputEvents = YES;
				INFOPLIST_KEY_UILaunchScreen_Generation = YES;
				INFOPLIST_KEY_UISupportedInterfaceOrientations_iPad = "UIInterfaceOrientationPortrait UIInterfaceOrientationPortraitUpsideDown UIInterfaceOrientationLandscapeLeft UIInterfaceOrientationLandscapeRight";
				INFOPLIST_KEY_UISupportedInterfaceOrientations_iPhone = "UIInterfaceOrientationPortrait UIInterfaceOrientationLandscapeLeft UIInterfaceOrientationLandscapeRight";
				IPHONEOS_DEPLOYMENT_TARGET = 26.0;
				LD_RUNPATH_SEARCH_PATHS = (
					"$(inherited)",
					"@executable_path/Frameworks",
				);
				MARKETING_VERSION = 1.0;
				PRODUCT_BUNDLE_IDENTIFIER = com.lleonmd.Matchly;
				PRODUCT_NAME = "$(TARGET_NAME)";
				STRING_CATALOG_GENERATE_SYMBOLS = YES;
				SWIFT_APPROACHABLE_CONCURRENCY = YES;
				SWIFT_DEFAULT_ACTOR_ISOLATION = MainActor;
				SWIFT_EMIT_LOC_STRINGS = YES;
				SWIFT_UPCOMING_FEATURE_MEMBER_IMPORT_VISIBILITY = YES;
				SWIFT_VERSION = 5.0;
				TARGETED_DEVICE_FAMILY = "1,2";
			};
			name = Debug;
		};
		30A6C44A2EC7311D00E44F05 /* Release */ = {
			isa = XCBuildConfiguration;
			buildSettings = {
				ASSETCATALOG_COMPILER_APPICON_NAME = AppIcon;
				ASSETCATALOG_COMPILER_GLOBAL_ACCENT_COLOR_NAME = AccentColor;
				CODE_SIGN_ENTITLEMENTS = Matchly/Matchly.entitlements;
				CODE_SIGN_STYLE = Automatic;
				CURRENT_PROJECT_VERSION = 21;
				DEVELOPMENT_TEAM = KYGM9X4TU5;
				ENABLE_PREVIEWS = YES;
				EXCLUDED_SOURCE_FILE_NAMES = (
					"*.py",
					"*.sh",
					"*.md",
					"*.txt",
					ERAS2026.json,
					ERAS2026_with_addresses.json,
					ERAS2026_Sample.json,
					ACGME_manifest.json,
				);
				GENERATE_INFOPLIST_FILE = YES;
				INFOPLIST_FILE = "Matchly-Info-Supplement.plist";
				INFOPLIST_KEY_NSCalendarsFullAccessUsageDescription = "Matchly needs access to your calendar to create interview events so you can see them in your calendar app and receive reminders.";
				INFOPLIST_KEY_NSCalendarsUsageDescription = "Matchly needs access to your calendar to create interview events so you can see them in your calendar app and receive reminders.";
				INFOPLIST_KEY_NSCameraUsageDescription = "Matchly uses the camera to scan QR codes.";
				INFOPLIST_KEY_NSFaceIDUsageDescription = "Matchly uses Face ID to unlock the app and sign you in quickly on this device.";
				INFOPLIST_KEY_NSMicrophoneUsageDescription = "Matchly uses the microphone to record optional voice memos about residency programs after your interviews.";
				INFOPLIST_KEY_NSSpeechRecognitionUsageDescription = "Matchly can transcribe your voice memos on this device so you can read what you recorded.";
				INFOPLIST_KEY_NSUserNotificationsUsageDescription = "Matchly sends notifications when your partner messages you or updates your shared couples rank list.";
				INFOPLIST_KEY_UIApplicationSceneManifest_Generation = YES;
				INFOPLIST_KEY_UIApplicationSupportsIndirectInputEvents = YES;
				INFOPLIST_KEY_UILaunchScreen_Generation = YES;
				INFOPLIST_KEY_UISupportedInterfaceOrientations_iPad = "UIInterfaceOrientationPortrait UIInterfaceOrientationPortraitUpsideDown UIInterfaceOrientationLandscapeLeft UIInterfaceOrientationLandscapeRight";
				INFOPLIST_KEY_UISupportedInterfaceOrientations_iPhone = "UIInterfaceOrientationPortrait UIInterfaceOrientationLandscapeLeft UIInterfaceOrientationLandscapeRight";
				IPHONEOS_DEPLOYMENT_TARGET = 26.0;
				LD_RUNPATH_SEARCH_PATHS = (
					"$(inherited)",
					"@executable_path/Frameworks",
				);
				MARKETING_VERSION = 1.0;
				PRODUCT_BUNDLE_IDENTIFIER = com.lleonmd.Matchly;
				PRODUCT_NAME = "$(TARGET_NAME)";
				STRING_CATALOG_GENERATE_SYMBOLS = YES;
				SWIFT_APPROACHABLE_CONCURRENCY = YES;
				SWIFT_DEFAULT_ACTOR_ISOLATION = MainActor;
				SWIFT_EMIT_LOC_STRINGS = YES;
				SWIFT_UPCOMING_FEATURE_MEMBER_IMPORT_VISIBILITY = YES;
				SWIFT_VERSION = 5.0;
				TARGETED_DEVICE_FAMILY = "1,2";
			};
			name = Release;
		};
		30A6C44C2EC7311D00E44F05 /* Debug */ = {
			isa = XCBuildConfiguration;
			buildSettings = {
				BUNDLE_LOADER = "$(TEST_HOST)";
				CODE_SIGN_STYLE = Automatic;
				CURRENT_PROJECT_VERSION = 1;
				DEVELOPMENT_TEAM = KYGM9X4TU5;
				GENERATE_INFOPLIST_FILE = YES;
				IPHONEOS_DEPLOYMENT_TARGET = 26.1;
				MARKETING_VERSION = 1.0;
				PRODUCT_BUNDLE_IDENTIFIER = com.lleonmd.MatchlyTests;
				PRODUCT_NAME = "$(TARGET_NAME)";
				STRING_CATALOG_GENERATE_SYMBOLS = NO;
				SWIFT_APPROACHABLE_CONCURRENCY = YES;
				SWIFT_EMIT_LOC_STRINGS = NO;
				SWIFT_UPCOMING_FEATURE_MEMBER_IMPORT_VISIBILITY = YES;
				SWIFT_VERSION = 5.0;
				TARGETED_DEVICE_FAMILY = "1,2";
				TEST_HOST = "$(BUILT_PRODUCTS_DIR)/Matchly.app/$(BUNDLE_EXECUTABLE_FOLDER_PATH)/Matchly";
			};
			name = Debug;
		};
		30A6C44D2EC7311D00E44F05 /* Release */ = {
			isa = XCBuildConfiguration;
			buildSettings = {
				BUNDLE_LOADER = "$(TEST_HOST)";
				CODE_SIGN_STYLE = Automatic;
				CURRENT_PROJECT_VERSION = 1;
				DEVELOPMENT_TEAM = KYGM9X4TU5;
				GENERATE_INFOPLIST_FILE = YES;
				IPHONEOS_DEPLOYMENT_TARGET = 26.1;
				MARKETING_VERSION = 1.0;
				PRODUCT_BUNDLE_IDENTIFIER = com.lleonmd.MatchlyTests;
				PRODUCT_NAME = "$(TARGET_NAME)";
				STRING_CATALOG_GENERATE_SYMBOLS = NO;
				SWIFT_APPROACHABLE_CONCURRENCY = YES;
				SWIFT_EMIT_LOC_STRINGS = NO;
				SWIFT_UPCOMING_FEATURE_MEMBER_IMPORT_VISIBILITY = YES;
				SWIFT_VERSION = 5.0;
				TARGETED_DEVICE_FAMILY = "1,2";
				TEST_HOST = "$(BUILT_PRODUCTS_DIR)/Matchly.app/$(BUNDLE_EXECUTABLE_FOLDER_PATH)/Matchly";
			};
			name = Release;
		};
		30A6C44F2EC7311D00E44F05 /* Debug */ = {
			isa = XCBuildConfiguration;
			buildSettings = {
				CODE_SIGN_STYLE = Automatic;
				CURRENT_PROJECT_VERSION = 1;
				DEVELOPMENT_TEAM = KYGM9X4TU5;
				GENERATE_INFOPLIST_FILE = YES;
				MARKETING_VERSION = 1.0;
				PRODUCT_BUNDLE_IDENTIFIER = com.lleonmd.MatchlyUITests;
				PRODUCT_NAME = "$(TARGET_NAME)";
				STRING_CATALOG_GENERATE_SYMBOLS = NO;
				SWIFT_APPROACHABLE_CONCURRENCY = YES;
				SWIFT_EMIT_LOC_STRINGS = NO;
				SWIFT_UPCOMING_FEATURE_MEMBER_IMPORT_VISIBILITY = YES;
				SWIFT_VERSION = 5.0;
				TARGETED_DEVICE_FAMILY = "1,2";
				TEST_TARGET_NAME = Matchly;
			};
			name = Debug;
		};
		30A6C4502EC7311D00E44F05 /* Release */ = {
			isa = XCBuildConfiguration;
			buildSettings = {
				CODE_SIGN_STYLE = Automatic;
				CURRENT_PROJECT_VERSION = 1;
				DEVELOPMENT_TEAM = KYGM9X4TU5;
				GENERATE_INFOPLIST_FILE = YES;
				MARKETING_VERSION = 1.0;
				PRODUCT_BUNDLE_IDENTIFIER = com.lleonmd.MatchlyUITests;
				PRODUCT_NAME = "$(TARGET_NAME)";
				STRING_CATALOG_GENERATE_SYMBOLS = NO;
				SWIFT_APPROACHABLE_CONCURRENCY = YES;
				SWIFT_EMIT_LOC_STRINGS = NO;
				SWIFT_UPCOMING_FEATURE_MEMBER_IMPORT_VISIBILITY = YES;
				SWIFT_VERSION = 5.0;
				TARGETED_DEVICE_FAMILY = "1,2";
				TEST_TARGET_NAME = Matchly;
			};
			name = Release;
		};
/* End XCBuildConfiguration section */

/* Begin XCConfigurationList section */
		30A6C4222EC7311A00E44F05 /* Build configuration list for PBXProject "Matchly" */ = {
			isa = XCConfigurationList;
			buildConfigurations = (
				30A6C4462EC7311D00E44F05 /* Debug */,
				30A6C4472EC7311D00E44F05 /* Release */,
			);
			defaultConfigurationIsVisible = 0;
			defaultConfigurationName = Release;
		};
		30A6C4482EC7311D00E44F05 /* Build configuration list for PBXNativeTarget "Matchly" */ = {
			isa = XCConfigurationList;
			buildConfigurations = (
				30A6C4492EC7311D00E44F05 /* Debug */,
				30A6C44A2EC7311D00E44F05 /* Release */,
			);
			defaultConfigurationIsVisible = 0;
			defaultConfigurationName = Release;
		};
		30A6C44B2EC7311D00E44F05 /* Build configuration list for PBXNativeTarget "MatchlyTests" */ = {
			isa = XCConfigurationList;
			buildConfigurations = (
				30A6C44C2EC7311D00E44F05 /* Debug */,
				30A6C44D2EC7311D00E44F05 /* Release */,
			);
			defaultConfigurationIsVisible = 0;
			defaultConfigurationName = Release;
		};
		30A6C44E2EC7311D00E44F05 /* Build configuration list for PBXNativeTarget "MatchlyUITests" */ = {
			isa = XCConfigurationList;
			buildConfigurations = (
				30A6C44F2EC7311D00E44F05 /* Debug */,
				30A6C4502EC7311D00E44F05 /* Release */,
			);
			defaultConfigurationIsVisible = 0;
			defaultConfigurationName = Release;
		};
/* End XCConfigurationList section */

/* Begin XCRemoteSwiftPackageReference section */
		308DEA782F00000100E44F05 /* XCRemoteSwiftPackageReference "firebase-ios-sdk" */ = {
			isa = XCRemoteSwiftPackageReference;
			repositoryURL = "https://github.com/firebase/firebase-ios-sdk";
			requirement = {
				kind = upToNextMajorVersion;
				minimumVersion = 12.17.0;
			};
		};
		308DEA792F00000100E44F05 /* XCRemoteSwiftPackageReference "GoogleSignIn-iOS" */ = {
			isa = XCRemoteSwiftPackageReference;
			repositoryURL = "https://github.com/google/GoogleSignIn-iOS";
			requirement = {
				kind = upToNextMajorVersion;
				minimumVersion = 9.0.0;
			};
		};
/* End XCRemoteSwiftPackageReference section */

/* Begin XCSwiftPackageProductDependency section */
		308DEA7C2F00000100E44F05 /* FirebaseAuth */ = {
			isa = XCSwiftPackageProductDependency;
			package = 308DEA782F00000100E44F05 /* XCRemoteSwiftPackageReference "firebase-ios-sdk" */;
			productName = FirebaseAuth;
		};
		308DEA7D2F00000100E44F05 /* FirebaseFirestore */ = {
			isa = XCSwiftPackageProductDependency;
			package = 308DEA782F00000100E44F05 /* XCRemoteSwiftPackageReference "firebase-ios-sdk" */;
			productName = FirebaseFirestore;
		};
		308DEA7F2F00000100E44F05 /* GoogleSignIn */ = {
			isa = XCSwiftPackageProductDependency;
			package = 308DEA792F00000100E44F05 /* XCRemoteSwiftPackageReference "GoogleSignIn-iOS" */;
			productName = GoogleSignIn;
		};
/* End XCSwiftPackageProductDependency section */
	};
	rootObject = 30A6C41F2EC7311A00E44F05 /* Project object */;
}
